
Microsoft Visual Studio Solution File, Format Version 12.00
# Visual Studio Version 17
VisualStudioVersion = 17.0.31903.59
MinimumVisualStudioVersion = 10.0.40219.1
Project("{FAE04EC0-301F-11D3-BF4B-00C04F79EFBC}") = "SmartBooking.API", "SmartBooking.API\SmartBooking.API.csproj", "{C28CBAA0-70D9-4658-908C-DC209E99A77C}"
EndProject
Project("{FAE04EC0-301F-11D3-BF4B-00C04F79EFBC}") = "SmartBooking.Application", "SmartBooking.Application\SmartBooking.Application.csproj", "{A232D94E-77D8-4481-BC79-BE67527D8223}"
EndProject
Project("{FAE04EC0-301F-11D3-BF4B-00C04F79EFBC}") = "SmartBooking.Domain", "SmartBooking.Domain\SmartBooking.Domain.csproj", "{8B131BAF-E0AD-4616-B445-CF230407AAE0}"
EndProject
Project("{FAE04EC0-301F-11D3-BF4B-00C04F79EFBC}") = "SmartBooking.Infrastructure", "SmartBooking.Infrastructure\SmartBooking.Infrastructure.csproj", "{8CC2BB84-7271-4F02-B719-D61A1601ADB1}"
EndProject
Project("{2150E333-8FDC-42A3-9474-1A3956D46DE8}") = "tests", "tests", "{0AB3BF05-4346-4AA6-1389-037BE0695223}"
EndProject
Project("{FAE04EC0-301F-11D3-BF4B-00C04F79EFBC}") = "SmartBooking.Application.Tests", "tests\SmartBooking.Application.Tests\SmartBooking.Application.Tests.csproj", "{7D8CB665-BA60-4779-860D-F03C3213D1D3}"
EndProject
Global
	GlobalSection(SolutionConfigurationPlatforms) = preSolution
		Debug|Any CPU = Debug|Any CPU
		Debug|x64 = Debug|x64
		Debug|x86 = Debug|x86
		Release|Any CPU = Release|Any CPU
		Release|x64 = Release|x64
		Release|x86 = Release|x86
	EndGlobalSection
	GlobalSection(ProjectConfigurationPlatforms) = postSolution
		{C28CBAA0-70D9-4658-908C-DC209E99A77C}.Debug|Any CPU.ActiveCfg = Debug|Any CPU
		{C28CBAA0-70D9-4658-908C-DC209E99A77C}.Debug|Any CPU.Build.0 = Debug|Any CPU
		{C28CBAA0-70D9-4658-908C-DC209E99A77C}.Debug|x64.ActiveCfg = Debug|Any CPU
		{C28CBAA0-70D9-4658-908C-DC209E99A77C}.Debug|x64.Build.0 = Debug|Any CPU
		{C28CBAA0-70D9-4658-908C-DC209E99A77C}.Debug|x86.ActiveCfg = Debug|Any CPU
		{C28CBAA0-70D9-4658-908C-DC209E99A77C}.Debug|x86.Build.0 = Debug|Any CPU
		{C28CBAA0-70D9-4658-908C-DC209E99A77C}.Release|Any CPU.ActiveCfg = Release|Any CPU
		{C28CBAA0-70D9-4658-908C-DC209E99A77C}.Release|Any CPU.Build.0 = Release|Any CPU
		{C28CBAA0-70D9-4658-908C-DC209E99A77C}.Release|x64.ActiveCfg = Release|Any CPU
		{C28CBAA0-70D9-4658-908C-DC209E99A77C}.Release|x64.Build.0 = Release|Any CPU
		{C28CBAA0-70D9-4658-908C-DC209E99A77C}.Release|x86.ActiveCfg = Release|Any CPU
		{C28CBAA0-70D9-4658-908C-DC209E99A77C}.Release|x86.Build.0 = Release|Any CPU
		{A232D94E-77D8-4481-BC79-BE67527D8223}.Debug|Any CPU.ActiveCfg = Debug|Any CPU
		{A232D94E-77D8-4481-BC79-BE67527D8223}.Debug|Any CPU.Build.0 = Debug|Any CPU
		{A232D94E-77D8-4481-BC79-BE67527D8223}.Debug|x64.ActiveCfg = Debug|Any CPU
		{A232D94E-77D8-4481-BC79-BE67527D8223}.Debug|x64.Build.0 = Debug|Any CPU
		{A232D94E-77D8-4481-BC79-BE67527D8223}.Debug|x86.ActiveCfg = Debug|Any CPU
		{A232D94E-77D8-4481-BC79-BE67527D8223}.Debug|x86.Build.0 = Debug|Any CPU
		{A232D94E-77D8-4481-BC79-BE67527D8223}.Release|Any CPU.ActiveCfg = Release|Any CPU
		{A232D94E-77D8-4481-BC79-BE67527D8223}.Release|Any CPU.Build.0 = Release|Any CPU
		{A232D94E-77D8-4481-BC79-BE67527D8223}.Release|x64.ActiveCfg = Release|Any CPU
		{A232D94E-77D8-4481-BC79-BE67527D8223}.Release|x64.Build.0 = Release|Any CPU
		{A232D94E-77D8-4481-BC79-BE67527D8223}.Release|x86.ActiveCfg = Release|Any CPU
		{A232D94E-77D8-4481-BC79-BE67527D8223}.Release|x86.Build.0 = Release|Any CPU
		{8B131BAF-E0AD-4616-B445-CF230407AAE0}.Debug|Any CPU.ActiveCfg = Debug|Any CPU
		{8B131BAF-E0AD-4616-B445-CF230407AAE0}.Debug|Any CPU.Build.0 = Debug|Any CPU
		{8B131BAF-E0AD-4616-B445-CF230407AAE0}.Debug|x64.ActiveCfg = Debug|Any CPU
		{8B131BAF-E0AD-4616-B445-CF230407AAE0}.Debug|x64.Build.0 = Debug|Any CPU
		{8B131BAF-E0AD-4616-B445-CF230407AAE0}.Debug|x86.ActiveCfg = Debug|Any CPU
		{8B131BAF-E0AD-4616-B445-CF230407AAE0}.Debug|x86.Build.0 = Debug|Any CPU
		{8B131BAF-E0AD-4616-B445-CF230407AAE0}.Release|Any CPU.ActiveCfg = Release|Any CPU
		{8B131BAF-E0AD-4616-B445-CF230407AAE0}.Release|Any CPU.Build.0 = Release|Any CPU
		{8B131BAF-E0AD-4616-B445-CF230407AAE0}.Release|x64.ActiveCfg = Release|Any CPU
		{8B131BAF-E0AD-4616-B445-CF230407AAE0}.Release|x64.Build.0 = Release|Any CPU
		{8B131BAF-E0AD-4616-B445-CF230407AAE0}.Release|x86.ActiveCfg = Release|Any CPU
		{8B131BAF-E0AD-4616-B445-CF230407AAE0}.Release|x86.Build.0 = Release|Any CPU
		{8CC2BB84-7271-4F02-B719-D61A1601ADB1}.Debug|Any CPU.ActiveCfg = Debug|Any CPU
		{8CC2BB84-7271-4F02-B719-D61A1601ADB1}.Debug|Any CPU.Build.0 = Debug|Any CPU
		{8CC2BB84-7271-4F02-B719-D61A1601ADB1}.Debug|x64.ActiveCfg = Debug|Any CPU
		{8CC2BB84-7271-4F02-B719-D61A1601ADB1}.Debug|x64.Build.0 = Debug|Any CPU
		{8CC2BB84-7271-4F02-B719-D61A1601ADB1}.Debug|x86.ActiveCfg = Debug|Any CPU
		{8CC2BB84-7271-4F02-B719-D61A1601ADB1}.Debug|x86.Build.0 = Debug|Any CPU
		{8CC2BB84-7271-4F02-B719-D61A1601ADB1}.Release|Any CPU.ActiveCfg = Release|Any CPU
		{8CC2BB84-7271-4F02-B719-D61A1601ADB1}.Release|Any CPU.Build.0 = Release|Any CPU
		{8CC2BB84-7271-4F02-B719-D61A1601ADB1}.Release|x64.ActiveCfg = Release|Any CPU
		{8CC2BB84-7271-4F02-B719-D61A1601ADB1}.Release|x64.Build.0 = Release|Any CPU
		{8CC2BB84-7271-4F02-B719-D61A1601ADB1}.Release|x86.ActiveCfg = Release|Any CPU
		{8CC2BB84-7271-4F02-B719-D61A1601ADB1}.Release|x86.Build.0 = Release|Any CPU
		{7D8CB665-BA60-4779-860D-F03C3213D1D3}.Debug|Any CPU.ActiveCfg = Debug|Any CPU
		{7D8CB665-BA60-4779-860D-F03C3213D1D3}.Debug|Any CPU.Build.0 = Debug|Any CPU
		{7D8CB665-BA60-4779-860D-F03C3213D1D3}.Debug|x64.ActiveCfg = Debug|Any CPU
		{7D8CB665-BA60-4779-860D-F03C3213D1D3}.Debug|x64.Build.0 = Debug|Any CPU
		{7D8CB665-BA60-4779-860D-F03C3213D1D3}.Debug|x86.ActiveCfg = Debug|Any CPU
		{7D8CB665-BA60-4779-860D-F03C3213D1D3}.Debug|x86.Build.0 = Debug|Any CPU
		{7D8CB665-BA60-4779-860D-F03C3213D1D3}.Release|Any CPU.ActiveCfg = Release|Any CPU
		{7D8CB665-BA60-4779-860D-F03C3213D1D3}.Release|Any CPU.Build.0 = Release|Any CPU
		{7D8CB665-BA60-4779-860D-F03C3213D1D3}.Release|x64.ActiveCfg = Release|Any CPU
		{7D8CB665-BA60-4779-860D-F03C3213D1D3}.Release|x64.Build.0 = Release|Any CPU
		{7D8CB665-BA60-4779-860D-F03C3213D1D3}.Release|x86.ActiveCfg = Release|Any CPU
		{7D8CB665-BA60-4779-860D-F03C3213D1D3}.Release|x86.Build.0 = Release|Any CPU
	EndGlobalSection
	GlobalSection(SolutionProperties) = preSolution
		HideSolutionNode = FALSE
	EndGlobalSection
	GlobalSection(NestedProjects) = preSolution
		{7D8CB665-BA60-4779-860D-F03C3213D1D3} = {0AB3BF05-4346-4AA6-1389-037BE0695223}
	EndGlobalSection
EndGlobal
